
Microsoft Visual Studio Solution File, Format Version 12.00
# Visual Studio Version 16
VisualStudioVersion = 16.0.30907.101
MinimumVisualStudioVersion = 10.0.40219.1
Project("{FAE04EC0-301F-11D3-BF4B-00C04F79EFBC}") = "Elastic.Demo", "Elastic.Demo\Elastic.Demo.csproj", "{4EDEEBD0-12EC-40B9-9BFF-7AFDB62CA7F9}"
EndProject
Global
	GlobalSection(SolutionConfigurationPlatforms) = preSolution
		Debug|Any CPU = Debug|Any CPU
		Release|Any CPU = Release|Any CPU
	EndGlobalSection
	GlobalSection(ProjectConfigurationPlatforms) = postSolution
		{4EDEEBD0-12EC-40B9-9BFF-7AFDB62CA7F9}.Debug|Any CPU.ActiveCfg = Debug|Any CPU
		{4EDEEBD0-12EC-40B9-9BFF-7AFDB62CA7F9}.Debug|Any CPU.Build.0 = Debug|Any CPU
		{4EDEEBD0-12EC-40B9-9BFF-7AFDB62CA7F9}.Release|Any CPU.ActiveCfg = Release|Any CPU
		{4EDEEBD0-12EC-40B9-9BFF-7AFDB62CA7F9}.Release|Any CPU.Build.0 = Release|Any CPU
	EndGlobalSection
	GlobalSection(SolutionProperties) = preSolution
		HideSolutionNode = FALSE
	EndGlobalSection
	GlobalSection(ExtensibilityGlobals) = postSolution
		SolutionGuid = {7E7B7977-3B2B-4305-AA08-8882686ADB30}
	EndGlobalSection
EndGlobal
